Microsoft Visual Studio Solution File, Format Version 12.00
# Visual Studio Version 17
VisualStudioVersion = 17.0.31611.283
MinimumVisualStudioVersion = 10.0.40219.1
Project("{2150E333-8FDC-42A3-9474-1A3956D46DE8}") = "Domains", "Domains", "{EFF235E9-6BA9-43C0-9D75-839CB2B1B03F}"
EndProject
Project("{2150E333-8FDC-42A3-9474-1A3956D46DE8}") = "Client", "Client", "{DCFB2C5F-D5DC-4429-A288-1DD2B9561A44}"
EndProject
Project("{2150E333-8FDC-42A3-9474-1A3956D46DE8}") = "Server", "Server", "{6FA3A0AD-A687-45EE-A50D-12D847CC9348}"
EndProject
Project("{9A19103F-16F7-4668-BE54-9A1E7A4F7556}") = "Tasko.Domains", "Tasko.Domains\Tasko.Domains.csproj", "{AC668DBA-B415-4CC6-8527-87ABEDEE188A}"
EndProject
Project("{9A19103F-16F7-4668-BE54-9A1E7A4F7556}") = "Tasko.Client", "Tasko.Client\Tasko.Client.csproj", "{C11AF48A-14C6-4C42-8F83-24A52860E2DA}"
EndProject
Project("{2150E333-8FDC-42A3-9474-1A3956D46DE8}") = "Helpers", "Helpers", "{1FA428E9-869D-4E92-8B98-F25012D74A47}"
EndProject
Project("{2150E333-8FDC-42A3-9474-1A3956D46DE8}") = "Microservices", "Microservices", "{5D191E7E-3EA7-4B66-99B4-F00269DA2BBC}"
EndProject
Project("{9A19103F-16F7-4668-BE54-9A1E7A4F7556}") = "Tasko.ApiGateway", "Tasko.ApiGateway\Tasko.ApiGateway.csproj", "{F818E10F-FE8E-4BEA-A865-DAB0AD3E5A52}"
EndProject
Project("{E53339B2-1760-4266-BCC7-CA923CBCF16C}") = "docker-compose", "docker-compose.dcproj", "{D817F927-8EF1-4B27-8735-83B6ADDD38E9}"
EndProject
Project("{9A19103F-16F7-4668-BE54-9A1E7A4F7556}") = "Tasko.BoardService", "Tasko.BoardService\Tasko.BoardService.csproj", "{CCF55061-75B4-4B8B-AE81-98479FE5988A}"
EndProject
Project("{9A19103F-16F7-4668-BE54-9A1E7A4F7556}") = "Tasko.RoleService", "Tasko.RoleService\Tasko.RoleService.csproj", "{D26E8B35-4FFD-49D9-9A97-BCFC87103357}"
EndProject
Project("{9A19103F-16F7-4668-BE54-9A1E7A4F7556}") = "Tasko.PermissionService", "Tasko.PermissionService\Tasko.PermissionService.csproj", "{C5B2C483-567B-4D57-916E-5E19CB1F1AF1}"
EndProject
Project("{2150E333-8FDC-42A3-9474-1A3956D46DE8}") = "Tests", "Tests", "{DD1557DD-36F2-4CDF-98BF-6BB4E825A718}"
EndProject
Project("{9A19103F-16F7-4668-BE54-9A1E7A4F7556}") = "Tasko.UserService", "Tasko.UserService\Tasko.UserService.csproj", "{D348F283-047B-4371-A0DE-2B89068475A8}"
EndProject
Project("{9A19103F-16F7-4668-BE54-9A1E7A4F7556}") = "Tasko.Configuration", "Tasko.Configuration\Tasko.Configuration.csproj", "{AADA32A1-437C-4F85-B270-1597DF39D536}"
EndProject
Project("{9A19103F-16F7-4668-BE54-9A1E7A4F7556}") = "Tasko.Cryptography", "Tasko.Cryptography\Tasko.Cryptography.csproj", "{075F477F-C032-4FE0-9081-243F70BF29E7}"
EndProject
Project("{9A19103F-16F7-4668-BE54-9A1E7A4F7556}") = "Tasko.Jwt", "Tasko.Jwt\Tasko.Jwt.csproj", "{03634836-D356-4181-AE66-131C7BE97442}"
EndProject
Project("{9A19103F-16F7-4668-BE54-9A1E7A4F7556}") = "Tasko.Mongo", "Tasko.Mongo\Tasko.Mongo.csproj", "{3F28632B-7E66-4A50-A4C2-34B6110BED8B}"
EndProject
Project("{9A19103F-16F7-4668-BE54-9A1E7A4F7556}") = "Tasko.Validation", "Tasko.Validation\Tasko.Validation.csproj", "{3A07940A-8BF9-41A8-B0DE-00641408E91D}"
EndProject
Project("{9A19103F-16F7-4668-BE54-9A1E7A4F7556}") = "Tasko.Logger", "Tasko.Logger\Tasko.Logger.csproj", "{C750F9B7-0AA2-4095-8B44-B64F61930251}"
EndProject
Project("{9A19103F-16F7-4668-BE54-9A1E7A4F7556}") = "Tasko.AuthService", "Tasko.AuthService\Tasko.AuthService.csproj", "{BA51322F-6D9B-400A-B3B9-104441134A37}"
EndProject
Project("{9A19103F-16F7-4668-BE54-9A1E7A4F7556}") = "Tasko.CardService", "Tasko.CardService\Tasko.CardService.csproj", "{1A0955B5-E427-4A04-9DD4-D885E8E833AB}"
EndProject
Global
	GlobalSection(SolutionConfigurationPlatforms) = preSolution
		Debug|Any CPU = Debug|Any CPU
		Release|Any CPU = Release|Any CPU
	EndGlobalSection
	GlobalSection(ProjectConfigurationPlatforms) = postSolution
		{AC668DBA-B415-4CC6-8527-87ABEDEE188A}.Debug|Any CPU.ActiveCfg = Debug|Any CPU
		{AC668DBA-B415-4CC6-8527-87ABEDEE188A}.Debug|Any CPU.Build.0 = Debug|Any CPU
		{AC668DBA-B415-4CC6-8527-87ABEDEE188A}.Release|Any CPU.ActiveCfg = Release|Any CPU
		{AC668DBA-B415-4CC6-8527-87ABEDEE188A}.Release|Any CPU.Build.0 = Release|Any CPU
		{C11AF48A-14C6-4C42-8F83-24A52860E2DA}.Debug|Any CPU.ActiveCfg = Debug|Any CPU
		{C11AF48A-14C6-4C42-8F83-24A52860E2DA}.Debug|Any CPU.Build.0 = Debug|Any CPU
		{C11AF48A-14C6-4C42-8F83-24A52860E2DA}.Debug|Any CPU.Deploy.0 = Debug|Any CPU
		{C11AF48A-14C6-4C42-8F83-24A52860E2DA}.Release|Any CPU.ActiveCfg = Release|Any CPU
		{C11AF48A-14C6-4C42-8F83-24A52860E2DA}.Release|Any CPU.Build.0 = Release|Any CPU
		{C11AF48A-14C6-4C42-8F83-24A52860E2DA}.Release|Any CPU.Deploy.0 = Release|Any CPU
		{F818E10F-FE8E-4BEA-A865-DAB0AD3E5A52}.Debug|Any CPU.ActiveCfg = Debug|Any CPU
		{F818E10F-FE8E-4BEA-A865-DAB0AD3E5A52}.Debug|Any CPU.Build.0 = Debug|Any CPU
		{F818E10F-FE8E-4BEA-A865-DAB0AD3E5A52}.Release|Any CPU.ActiveCfg = Release|Any CPU
		{F818E10F-FE8E-4BEA-A865-DAB0AD3E5A52}.Release|Any CPU.Build.0 = Release|Any CPU
		{D817F927-8EF1-4B27-8735-83B6ADDD38E9}.Debug|Any CPU.ActiveCfg = Debug|Any CPU
		{D817F927-8EF1-4B27-8735-83B6ADDD38E9}.Debug|Any CPU.Build.0 = Debug|Any CPU
		{D817F927-8EF1-4B27-8735-83B6ADDD38E9}.Release|Any CPU.ActiveCfg = Release|Any CPU
		{D817F927-8EF1-4B27-8735-83B6ADDD38E9}.Release|Any CPU.Build.0 = Release|Any CPU
		{CCF55061-75B4-4B8B-AE81-98479FE5988A}.Debug|Any CPU.ActiveCfg = Debug|Any CPU
		{CCF55061-75B4-4B8B-AE81-98479FE5988A}.Debug|Any CPU.Build.0 = Debug|Any CPU
		{CCF55061-75B4-4B8B-AE81-98479FE5988A}.Release|Any CPU.ActiveCfg = Release|Any CPU
		{CCF55061-75B4-4B8B-AE81-98479FE5988A}.Release|Any CPU.Build.0 = Release|Any CPU
		{D26E8B35-4FFD-49D9-9A97-BCFC87103357}.Debug|Any CPU.ActiveCfg = Debug|Any CPU
		{D26E8B35-4FFD-49D9-9A97-BCFC87103357}.Debug|Any CPU.Build.0 = Debug|Any CPU
		{D26E8B35-4FFD-49D9-9A97-BCFC87103357}.Release|Any CPU.ActiveCfg = Release|Any CPU
		{D26E8B35-4FFD-49D9-9A97-BCFC87103357}.Release|Any CPU.Build.0 = Release|Any CPU
		{C5B2C483-567B-4D57-916E-5E19CB1F1AF1}.Debug|Any CPU.ActiveCfg = Debug|Any CPU
		{C5B2C483-567B-4D57-916E-5E19CB1F1AF1}.Debug|Any CPU.Build.0 = Debug|Any CPU
		{C5B2C483-567B-4D57-916E-5E19CB1F1AF1}.Release|Any CPU.ActiveCfg = Release|Any CPU
		{C5B2C483-567B-4D57-916E-5E19CB1F1AF1}.Release|Any CPU.Build.0 = Release|Any CPU
		{D348F283-047B-4371-A0DE-2B89068475A8}.Debug|Any CPU.ActiveCfg = Debug|Any CPU
		{D348F283-047B-4371-A0DE-2B89068475A8}.Debug|Any CPU.Build.0 = Debug|Any CPU
		{D348F283-047B-4371-A0DE-2B89068475A8}.Release|Any CPU.ActiveCfg = Release|Any CPU
		{D348F283-047B-4371-A0DE-2B89068475A8}.Release|Any CPU.Build.0 = Release|Any CPU
		{AADA32A1-437C-4F85-B270-1597DF39D536}.Debug|Any CPU.ActiveCfg = Debug|Any CPU
		{AADA32A1-437C-4F85-B270-1597DF39D536}.Debug|Any CPU.Build.0 = Debug|Any CPU
		{AADA32A1-437C-4F85-B270-1597DF39D536}.Release|Any CPU.ActiveCfg = Release|Any CPU
		{AADA32A1-437C-4F85-B270-1597DF39D536}.Release|Any CPU.Build.0 = Release|Any CPU
		{075F477F-C032-4FE0-9081-243F70BF29E7}.Debug|Any CPU.ActiveCfg = Debug|Any CPU
		{075F477F-C032-4FE0-9081-243F70BF29E7}.Debug|Any CPU.Build.0 = Debug|Any CPU
		{075F477F-C032-4FE0-9081-243F70BF29E7}.Release|Any CPU.ActiveCfg = Release|Any CPU
		{075F477F-C032-4FE0-9081-243F70BF29E7}.Release|Any CPU.Build.0 = Release|Any CPU
		{03634836-D356-4181-AE66-131C7BE97442}.Debug|Any CPU.ActiveCfg = Debug|Any CPU
		{03634836-D356-4181-AE66-131C7BE97442}.Debug|Any CPU.Build.0 = Debug|Any CPU
		{03634836-D356-4181-AE66-131C7BE97442}.Release|Any CPU.ActiveCfg = Release|Any CPU
		{03634836-D356-4181-AE66-131C7BE97442}.Release|Any CPU.Build.0 = Release|Any CPU
		{3F28632B-7E66-4A50-A4C2-34B6110BED8B}.Debug|Any CPU.ActiveCfg = Debug|Any CPU
		{3F28632B-7E66-4A50-A4C2-34B6110BED8B}.Debug|Any CPU.Build.0 = Debug|Any CPU
		{3F28632B-7E66-4A50-A4C2-34B6110BED8B}.Release|Any CPU.ActiveCfg = Release|Any CPU
		{3F28632B-7E66-4A50-A4C2-34B6110BED8B}.Release|Any CPU.Build.0 = Release|Any CPU
		{3A07940A-8BF9-41A8-B0DE-00641408E91D}.Debug|Any CPU.ActiveCfg = Debug|Any CPU
		{3A07940A-8BF9-41A8-B0DE-00641408E91D}.Debug|Any CPU.Build.0 = Debug|Any CPU
		{3A07940A-8BF9-41A8-B0DE-00641408E91D}.Release|Any CPU.ActiveCfg = Release|Any CPU
		{3A07940A-8BF9-41A8-B0DE-00641408E91D}.Release|Any CPU.Build.0 = Release|Any CPU
		{C750F9B7-0AA2-4095-8B44-B64F61930251}.Debug|Any CPU.ActiveCfg = Debug|Any CPU
		{C750F9B7-0AA2-4095-8B44-B64F61930251}.Debug|Any CPU.Build.0 = Debug|Any CPU
		{C750F9B7-0AA2-4095-8B44-B64F61930251}.Release|Any CPU.ActiveCfg = Release|Any CPU
		{C750F9B7-0AA2-4095-8B44-B64F61930251}.Release|Any CPU.Build.0 = Release|Any CPU
		{BA51322F-6D9B-400A-B3B9-104441134A37}.Debug|Any CPU.ActiveCfg = Debug|Any CPU
		{BA51322F-6D9B-400A-B3B9-104441134A37}.Debug|Any CPU.Build.0 = Debug|Any CPU
		{BA51322F-6D9B-400A-B3B9-104441134A37}.Release|Any CPU.ActiveCfg = Release|Any CPU
		{BA51322F-6D9B-400A-B3B9-104441134A37}.Release|Any CPU.Build.0 = Release|Any CPU
		{1A0955B5-E427-4A04-9DD4-D885E8E833AB}.Debug|Any CPU.ActiveCfg = Debug|Any CPU
		{1A0955B5-E427-4A04-9DD4-D885E8E833AB}.Debug|Any CPU.Build.0 = Debug|Any CPU
		{1A0955B5-E427-4A04-9DD4-D885E8E833AB}.Release|Any CPU.ActiveCfg = Release|Any CPU
		{1A0955B5-E427-4A04-9DD4-D885E8E833AB}.Release|Any CPU.Build.0 = Release|Any CPU
	EndGlobalSection
	GlobalSection(SolutionProperties) = preSolution
		HideSolutionNode = FALSE
	EndGlobalSection
	GlobalSection(NestedProjects) = preSolution
		{AC668DBA-B415-4CC6-8527-87ABEDEE188A} = {EFF235E9-6BA9-43C0-9D75-839CB2B1B03F}
		{C11AF48A-14C6-4C42-8F83-24A52860E2DA} = {DCFB2C5F-D5DC-4429-A288-1DD2B9561A44}
		{5D191E7E-3EA7-4B66-99B4-F00269DA2BBC} = {6FA3A0AD-A687-45EE-A50D-12D847CC9348}
		{F818E10F-FE8E-4BEA-A865-DAB0AD3E5A52} = {6FA3A0AD-A687-45EE-A50D-12D847CC9348}
		{CCF55061-75B4-4B8B-AE81-98479FE5988A} = {5D191E7E-3EA7-4B66-99B4-F00269DA2BBC}
		{D26E8B35-4FFD-49D9-9A97-BCFC87103357} = {5D191E7E-3EA7-4B66-99B4-F00269DA2BBC}
		{C5B2C483-567B-4D57-916E-5E19CB1F1AF1} = {5D191E7E-3EA7-4B66-99B4-F00269DA2BBC}
		{D348F283-047B-4371-A0DE-2B89068475A8} = {5D191E7E-3EA7-4B66-99B4-F00269DA2BBC}
		{AADA32A1-437C-4F85-B270-1597DF39D536} = {1FA428E9-869D-4E92-8B98-F25012D74A47}
		{075F477F-C032-4FE0-9081-243F70BF29E7} = {1FA428E9-869D-4E92-8B98-F25012D74A47}
		{03634836-D356-4181-AE66-131C7BE97442} = {1FA428E9-869D-4E92-8B98-F25012D74A47}
		{3F28632B-7E66-4A50-A4C2-34B6110BED8B} = {1FA428E9-869D-4E92-8B98-F25012D74A47}
		{3A07940A-8BF9-41A8-B0DE-00641408E91D} = {1FA428E9-869D-4E92-8B98-F25012D74A47}
		{C750F9B7-0AA2-4095-8B44-B64F61930251} = {1FA428E9-869D-4E92-8B98-F25012D74A47}
		{BA51322F-6D9B-400A-B3B9-104441134A37} = {5D191E7E-3EA7-4B66-99B4-F00269DA2BBC}
		{1A0955B5-E427-4A04-9DD4-D885E8E833AB} = {5D191E7E-3EA7-4B66-99B4-F00269DA2BBC}
	EndGlobalSection
	GlobalSection(ExtensibilityGlobals) = postSolution
		        SolutionGuid = {61F7FB11-1E47-470C-91E2-47F8143E1572}
		SolutionGuid = {E779261A-E569-475A-8B95-1C0C706BE4DE}
	EndGlobalSection
EndGlobal
