Microsoft Visual Studio Solution File, Format Version 12.00
# Visual Studio Version 17
VisualStudioVersion = 17.0.31611.283
MinimumVisualStudioVersion = 10.0.40219.1
Project("{2150E333-8FDC-42A3-9474-1A3956D46DE8}") = "Domains", "Domains", "{EFF235E9-6BA9-43C0-9D75-839CB2B1B03F}"
EndProject
Project("{2150E333-8FDC-42A3-9474-1A3956D46DE8}") = "Client", "Client", "{DCFB2C5F-D5DC-4429-A288-1DD2B9561A44}"
EndProject
Project("{2150E333-8FDC-42A3-9474-1A3956D46DE8}") = "Server", "Server", "{6FA3A0AD-A687-45EE-A50D-12D847CC9348}"
EndProject
Project("{9A19103F-16F7-4668-BE54-9A1E7A4F7556}") = "Tasko.Domains", "Tasko.Domains\Tasko.Domains.csproj", "{AC668DBA-B415-4CC6-8527-87ABEDEE188A}"
EndProject
Project("{9A19103F-16F7-4668-BE54-9A1E7A4F7556}") = "Tasko.Client", "Tasko.Client\Tasko.Client.csproj", "{C11AF48A-14C6-4C42-8F83-24A52860E2DA}"
EndProject
Project("{9A19103F-16F7-4668-BE54-9A1E7A4F7556}") = "Tasko.AuthService", "Tasko.AuthService\Tasko.AuthService.csproj", "{74677408-28A1-48BD-BEFF-05759617F930}"
EndProject
Project("{2150E333-8FDC-42A3-9474-1A3956D46DE8}") = "Helpers", "Helpers", "{1FA428E9-869D-4E92-8B98-F25012D74A47}"
EndProject
Project("{9A19103F-16F7-4668-BE54-9A1E7A4F7556}") = "Tasko.UserService", "Tasko.UserService\Tasko.UserService.csproj", "{D8380022-278B-4F1F-9031-ADD4CF2B11DA}"
EndProject
Project("{2150E333-8FDC-42A3-9474-1A3956D46DE8}") = "Microservices", "Microservices", "{5D191E7E-3EA7-4B66-99B4-F00269DA2BBC}"
EndProject
Project("{9A19103F-16F7-4668-BE54-9A1E7A4F7556}") = "Tasko.ApiGateway", "Tasko.ApiGateway\Tasko.ApiGateway.csproj", "{F818E10F-FE8E-4BEA-A865-DAB0AD3E5A52}"
EndProject
Project("{E53339B2-1760-4266-BCC7-CA923CBCF16C}") = "docker-compose", "docker-compose.dcproj", "{D817F927-8EF1-4B27-8735-83B6ADDD38E9}"
EndProject
Project("{9A19103F-16F7-4668-BE54-9A1E7A4F7556}") = "Tasko.General", "Tasko.General\Tasko.General.csproj", "{E701ED75-5339-4489-AD4C-633C10452BF0}"
EndProject
Project("{9A19103F-16F7-4668-BE54-9A1E7A4F7556}") = "Tasko.BoardService", "Tasko.BoardService\Tasko.BoardService.csproj", "{CCF55061-75B4-4B8B-AE81-98479FE5988A}"
EndProject
Project("{9A19103F-16F7-4668-BE54-9A1E7A4F7556}") = "Tasko.RoleService", "Tasko.RoleService\Tasko.RoleService.csproj", "{D26E8B35-4FFD-49D9-9A97-BCFC87103357}"
EndProject
Project("{9A19103F-16F7-4668-BE54-9A1E7A4F7556}") = "Tasko.PermissionService", "Tasko.PermissionService\Tasko.PermissionService.csproj", "{C5B2C483-567B-4D57-916E-5E19CB1F1AF1}"
EndProject
Project("{2150E333-8FDC-42A3-9474-1A3956D46DE8}") = "Tests", "Tests", "{DD1557DD-36F2-4CDF-98BF-6BB4E825A718}"
EndProject
Project("{9A19103F-16F7-4668-BE54-9A1E7A4F7556}") = "UnitTestService", "UnitTestService\UnitTestService.csproj", "{D4D03738-92F5-4C9B-AAF6-38F5A3357CF0}"
EndProject
Global
	GlobalSection(SolutionConfigurationPlatforms) = preSolution
		Debug|Any CPU = Debug|Any CPU
		Release|Any CPU = Release|Any CPU
	EndGlobalSection
	GlobalSection(ProjectConfigurationPlatforms) = postSolution
		{AC668DBA-B415-4CC6-8527-87ABEDEE188A}.Debug|Any CPU.ActiveCfg = Debug|Any CPU
		{AC668DBA-B415-4CC6-8527-87ABEDEE188A}.Debug|Any CPU.Build.0 = Debug|Any CPU
		{AC668DBA-B415-4CC6-8527-87ABEDEE188A}.Release|Any CPU.ActiveCfg = Release|Any CPU
		{AC668DBA-B415-4CC6-8527-87ABEDEE188A}.Release|Any CPU.Build.0 = Release|Any CPU
		{C11AF48A-14C6-4C42-8F83-24A52860E2DA}.Debug|Any CPU.ActiveCfg = Debug|Any CPU
		{C11AF48A-14C6-4C42-8F83-24A52860E2DA}.Debug|Any CPU.Build.0 = Debug|Any CPU
		{C11AF48A-14C6-4C42-8F83-24A52860E2DA}.Debug|Any CPU.Deploy.0 = Debug|Any CPU
		{C11AF48A-14C6-4C42-8F83-24A52860E2DA}.Release|Any CPU.ActiveCfg = Release|Any CPU
		{C11AF48A-14C6-4C42-8F83-24A52860E2DA}.Release|Any CPU.Build.0 = Release|Any CPU
		{C11AF48A-14C6-4C42-8F83-24A52860E2DA}.Release|Any CPU.Deploy.0 = Release|Any CPU
		{74677408-28A1-48BD-BEFF-05759617F930}.Debug|Any CPU.ActiveCfg = Debug|Any CPU
		{74677408-28A1-48BD-BEFF-05759617F930}.Debug|Any CPU.Build.0 = Debug|Any CPU
		{74677408-28A1-48BD-BEFF-05759617F930}.Release|Any CPU.ActiveCfg = Release|Any CPU
		{74677408-28A1-48BD-BEFF-05759617F930}.Release|Any CPU.Build.0 = Release|Any CPU
		{D8380022-278B-4F1F-9031-ADD4CF2B11DA}.Debug|Any CPU.ActiveCfg = Debug|Any CPU
		{D8380022-278B-4F1F-9031-ADD4CF2B11DA}.Debug|Any CPU.Build.0 = Debug|Any CPU
		{D8380022-278B-4F1F-9031-ADD4CF2B11DA}.Release|Any CPU.ActiveCfg = Release|Any CPU
		{D8380022-278B-4F1F-9031-ADD4CF2B11DA}.Release|Any CPU.Build.0 = Release|Any CPU
		{F818E10F-FE8E-4BEA-A865-DAB0AD3E5A52}.Debug|Any CPU.ActiveCfg = Debug|Any CPU
		{F818E10F-FE8E-4BEA-A865-DAB0AD3E5A52}.Debug|Any CPU.Build.0 = Debug|Any CPU
		{F818E10F-FE8E-4BEA-A865-DAB0AD3E5A52}.Release|Any CPU.ActiveCfg = Release|Any CPU
		{F818E10F-FE8E-4BEA-A865-DAB0AD3E5A52}.Release|Any CPU.Build.0 = Release|Any CPU
		{D817F927-8EF1-4B27-8735-83B6ADDD38E9}.Debug|Any CPU.ActiveCfg = Debug|Any CPU
		{D817F927-8EF1-4B27-8735-83B6ADDD38E9}.Debug|Any CPU.Build.0 = Debug|Any CPU
		{D817F927-8EF1-4B27-8735-83B6ADDD38E9}.Release|Any CPU.ActiveCfg = Release|Any CPU
		{D817F927-8EF1-4B27-8735-83B6ADDD38E9}.Release|Any CPU.Build.0 = Release|Any CPU
		{E701ED75-5339-4489-AD4C-633C10452BF0}.Debug|Any CPU.ActiveCfg = Debug|Any CPU
		{E701ED75-5339-4489-AD4C-633C10452BF0}.Debug|Any CPU.Build.0 = Debug|Any CPU
		{E701ED75-5339-4489-AD4C-633C10452BF0}.Release|Any CPU.ActiveCfg = Release|Any CPU
		{E701ED75-5339-4489-AD4C-633C10452BF0}.Release|Any CPU.Build.0 = Release|Any CPU
		{CCF55061-75B4-4B8B-AE81-98479FE5988A}.Debug|Any CPU.ActiveCfg = Debug|Any CPU
		{CCF55061-75B4-4B8B-AE81-98479FE5988A}.Debug|Any CPU.Build.0 = Debug|Any CPU
		{CCF55061-75B4-4B8B-AE81-98479FE5988A}.Release|Any CPU.ActiveCfg = Release|Any CPU
		{CCF55061-75B4-4B8B-AE81-98479FE5988A}.Release|Any CPU.Build.0 = Release|Any CPU
		{D26E8B35-4FFD-49D9-9A97-BCFC87103357}.Debug|Any CPU.ActiveCfg = Debug|Any CPU
		{D26E8B35-4FFD-49D9-9A97-BCFC87103357}.Debug|Any CPU.Build.0 = Debug|Any CPU
		{D26E8B35-4FFD-49D9-9A97-BCFC87103357}.Release|Any CPU.ActiveCfg = Release|Any CPU
		{D26E8B35-4FFD-49D9-9A97-BCFC87103357}.Release|Any CPU.Build.0 = Release|Any CPU
		{C5B2C483-567B-4D57-916E-5E19CB1F1AF1}.Debug|Any CPU.ActiveCfg = Debug|Any CPU
		{C5B2C483-567B-4D57-916E-5E19CB1F1AF1}.Debug|Any CPU.Build.0 = Debug|Any CPU
		{C5B2C483-567B-4D57-916E-5E19CB1F1AF1}.Release|Any CPU.ActiveCfg = Release|Any CPU
		{C5B2C483-567B-4D57-916E-5E19CB1F1AF1}.Release|Any CPU.Build.0 = Release|Any CPU
		{D4D03738-92F5-4C9B-AAF6-38F5A3357CF0}.Debug|Any CPU.ActiveCfg = Debug|Any CPU
		{D4D03738-92F5-4C9B-AAF6-38F5A3357CF0}.Debug|Any CPU.Build.0 = Debug|Any CPU
		{D4D03738-92F5-4C9B-AAF6-38F5A3357CF0}.Release|Any CPU.ActiveCfg = Release|Any CPU
		{D4D03738-92F5-4C9B-AAF6-38F5A3357CF0}.Release|Any CPU.Build.0 = Release|Any CPU
	EndGlobalSection
	GlobalSection(SolutionProperties) = preSolution
		HideSolutionNode = FALSE
	EndGlobalSection
	GlobalSection(NestedProjects) = preSolution
		{AC668DBA-B415-4CC6-8527-87ABEDEE188A} = {EFF235E9-6BA9-43C0-9D75-839CB2B1B03F}
		{C11AF48A-14C6-4C42-8F83-24A52860E2DA} = {DCFB2C5F-D5DC-4429-A288-1DD2B9561A44}
		{74677408-28A1-48BD-BEFF-05759617F930} = {5D191E7E-3EA7-4B66-99B4-F00269DA2BBC}
		{D8380022-278B-4F1F-9031-ADD4CF2B11DA} = {5D191E7E-3EA7-4B66-99B4-F00269DA2BBC}
		{5D191E7E-3EA7-4B66-99B4-F00269DA2BBC} = {6FA3A0AD-A687-45EE-A50D-12D847CC9348}
		{F818E10F-FE8E-4BEA-A865-DAB0AD3E5A52} = {6FA3A0AD-A687-45EE-A50D-12D847CC9348}
		{E701ED75-5339-4489-AD4C-633C10452BF0} = {1FA428E9-869D-4E92-8B98-F25012D74A47}
		{CCF55061-75B4-4B8B-AE81-98479FE5988A} = {5D191E7E-3EA7-4B66-99B4-F00269DA2BBC}
		{D26E8B35-4FFD-49D9-9A97-BCFC87103357} = {5D191E7E-3EA7-4B66-99B4-F00269DA2BBC}
		{C5B2C483-567B-4D57-916E-5E19CB1F1AF1} = {5D191E7E-3EA7-4B66-99B4-F00269DA2BBC}
		{D4D03738-92F5-4C9B-AAF6-38F5A3357CF0} = {DD1557DD-36F2-4CDF-98BF-6BB4E825A718}
	EndGlobalSection
	GlobalSection(ExtensibilityGlobals) = postSolution
		        SolutionGuid = {61F7FB11-1E47-470C-91E2-47F8143E1572}
		SolutionGuid = {E779261A-E569-475A-8B95-1C0C706BE4DE}
	EndGlobalSection
EndGlobal
